{
  "name": "jquery-datetimepicker",
  "version": "2.5.18",
  "lockfileVersion": 1,
  "requires": true,
  "dependencies": {
    "lite-uploader": {
      "version": "5.0.3",
      "resolved": "https://registry.npmjs.org/lite-uploader/-/lite-uploader-5.0.3.tgz",
      "integrity": "sha1-EA70bOh6Gx3SIIopbCmBo2km7Ps="
    }
  }
}
